// !$*UTF8*$!
{
	archiveVersion = 1;
	classes = {
	};
	objectVersion = 50;
	objects = {

/* Begin PBXBuildFile section */
		64301607225B197000A8C9EA /* AppDelegate.m in Sources */ = {isa = PBXBuildFile; fileRef = 64301606225B197000A8C9EA /* AppDelegate.m */; };
		6430160A225B197000A8C9EA /* ViewController.m in Sources */ = {isa = PBXBuildFile; fileRef = 64301609225B197000A8C9EA /* ViewController.m */; };
		6430160D225B197000A8C9EA /* Main.storyboard in Resources */ = {isa = PBXBuildFile; fileRef = 6430160B225B197000A8C9EA /* Main.storyboard */; };
		6430160F225B197100A8C9EA /* Assets.xcassets in Resources */ = {isa = PBXBuildFile; fileRef = 6430160E225B197100A8C9EA /* Assets.xcassets */; };
		64301612225B197100A8C9EA /* LaunchScreen.storyboard in Resources */ = {isa = PBXBuildFile; fileRef = 64301610225B197100A8C9EA /* LaunchScreen.storyboard */; };
		64301615225B197100A8C9EA /* main.m in Sources */ = {isa = PBXBuildFile; fileRef = 64301614225B197100A8C9EA /* main.m */; };
		64301622225B1F7C00A8C9EA /* MSHomeViewController.m in Sources */ = {isa = PBXBuildFile; fileRef = 64301620225B1F7C00A8C9EA /* MSHomeViewController.m */; };
		6430162C225B4E0000A8C9EA /* MSMovieItem.m in Sources */ = {isa = PBXBuildFile; fileRef = 6430162B225B4E0000A8C9EA /* MSMovieItem.m */; };
		6430162F225B514700A8C9EA /* MSMovieItemStore.m in Sources */ = {isa = PBXBuildFile; fileRef = 6430162E225B514700A8C9EA /* MSMovieItemStore.m */; };
		BE64C8DB225B75B900AAE6B5 /* DefaultStateTableView.xib in Resources */ = {isa = PBXBuildFile; fileRef = BE64C8DA225B75B900AAE6B5 /* DefaultStateTableView.xib */; };
/* End PBXBuildFile section */

/* Begin PBXFileReference section */
		64301602225B197000A8C9EA /* Movearch.app */ = {isa = PBXFileReference; explicitFileType = wrapper.application; includeInIndex = 0; path = Movearch.app; sourceTree = BUILT_PRODUCTS_DIR; };
		64301605225B197000A8C9EA /* AppDelegate.h */ = {isa = PBXFileReference; lastKnownFileType = sourcecode.c.h; path = AppDelegate.h; sourceTree = "<group>"; };
		64301606225B197000A8C9EA /* AppDelegate.m */ = {isa = PBXFileReference; lastKnownFileType = sourcecode.c.objc; path = AppDelegate.m; sourceTree = "<group>"; };
		64301608225B197000A8C9EA /* ViewController.h */ = {isa = PBXFileReference; lastKnownFileType = sourcecode.c.h; path = ViewController.h; sourceTree = "<group>"; };
		64301609225B197000A8C9EA /* ViewController.m */ = {isa = PBXFileReference; lastKnownFileType = sourcecode.c.objc; path = ViewController.m; sourceTree = "<group>"; };
		6430160C225B197000A8C9EA /* Base */ = {isa = PBXFileReference; lastKnownFileType = file.storyboard; name = Base; path = Base.lproj/Main.storyboard; sourceTree = "<group>"; };
		6430160E225B197100A8C9EA /* Assets.xcassets */ = {isa = PBXFileReference; lastKnownFileType = folder.assetcatalog; path = Assets.xcassets; sourceTree = "<group>"; };
		64301611225B197100A8C9EA /* Base */ = {isa = PBXFileReference; lastKnownFileType = file.storyboard; name = Base; path = Base.lproj/LaunchScreen.storyboard; sourceTree = "<group>"; };
		64301613225B197100A8C9EA /* Info.plist */ = {isa = PBXFileReference; lastKnownFileType = text.plist.xml; path = Info.plist; sourceTree = "<group>"; };
		64301614225B197100A8C9EA /* main.m */ = {isa = PBXFileReference; lastKnownFileType = sourcecode.c.objc; path = main.m; sourceTree = "<group>"; };
		6430161F225B1F7C00A8C9EA /* MSHomeViewController.h */ = {isa = PBXFileReference; lastKnownFileType = sourcecode.c.h; path = MSHomeViewController.h; sourceTree = "<group>"; };
		64301620225B1F7C00A8C9EA /* MSHomeViewController.m */ = {isa = PBXFileReference; lastKnownFileType = sourcecode.c.objc; path = MSHomeViewController.m; sourceTree = "<group>"; };
		6430162A225B4E0000A8C9EA /* MSMovieItem.h */ = {isa = PBXFileReference; lastKnownFileType = sourcecode.c.h; path = MSMovieItem.h; sourceTree = "<group>"; };
		6430162B225B4E0000A8C9EA /* MSMovieItem.m */ = {isa = PBXFileReference; lastKnownFileType = sourcecode.c.objc; path = MSMovieItem.m; sourceTree = "<group>"; };
		6430162D225B514700A8C9EA /* MSMovieItemStore.h */ = {isa = PBXFileReference; lastKnownFileType = sourcecode.c.h; path = MSMovieItemStore.h; sourceTree = "<group>"; };
		6430162E225B514700A8C9EA /* MSMovieItemStore.m */ = {isa = PBXFileReference; lastKnownFileType = sourcecode.c.objc; path = MSMovieItemStore.m; sourceTree = "<group>"; };
		BE64C8DA225B75B900AAE6B5 /* DefaultStateTableView.xib */ = {isa = PBXFileReference; fileEncoding = 4; lastKnownFileType = file.xib; path = DefaultStateTableView.xib; sourceTree = "<group>"; };
/* End PBXFileReference section */

/* Begin PBXFrameworksBuildPhase section */
		643015FF225B197000A8C9EA /* Frameworks */ = {
			isa = PBXFrameworksBuildPhase;
			buildActionMask = 2147483647;
			files = (
			);
			runOnlyForDeploymentPostprocessing = 0;
		};
/* End PBXFrameworksBuildPhase section */

/* Begin PBXGroup section */
		643015F9225B197000A8C9EA = {
			isa = PBXGroup;
			children = (
				64301604225B197000A8C9EA /* Movearch */,
				64301603225B197000A8C9EA /* Products */,
			);
			sourceTree = "<group>";
		};
		64301603225B197000A8C9EA /* Products */ = {
			isa = PBXGroup;
			children = (
				64301602225B197000A8C9EA /* Movearch.app */,
			);
			name = Products;
			sourceTree = "<group>";
		};
		64301604225B197000A8C9EA /* Movearch */ = {
			isa = PBXGroup;
			children = (
				6430161C225B19A000A8C9EA /* Models */,
				6430161D225B19A700A8C9EA /* Views */,
				6430161E225B19AE00A8C9EA /* Controllers */,
				6430161B225B198D00A8C9EA /* Default */,
			);
			path = Movearch;
			sourceTree = "<group>";
		};
		6430161B225B198D00A8C9EA /* Default */ = {
			isa = PBXGroup;
			children = (
				64301605225B197000A8C9EA /* AppDelegate.h */,
				64301606225B197000A8C9EA /* AppDelegate.m */,
				64301608225B197000A8C9EA /* ViewController.h */,
				64301609225B197000A8C9EA /* ViewController.m */,
				6430160B225B197000A8C9EA /* Main.storyboard */,
				6430160E225B197100A8C9EA /* Assets.xcassets */,
				64301610225B197100A8C9EA /* LaunchScreen.storyboard */,
				64301613225B197100A8C9EA /* Info.plist */,
				64301614225B197100A8C9EA /* main.m */,
			);
			name = Default;
			sourceTree = "<group>";
		};
		6430161C225B19A000A8C9EA /* Models */ = {
			isa = PBXGroup;
			children = (
				6430162A225B4E0000A8C9EA /* MSMovieItem.h */,
				6430162B225B4E0000A8C9EA /* MSMovieItem.m */,
				6430162D225B514700A8C9EA /* MSMovieItemStore.h */,
				6430162E225B514700A8C9EA /* MSMovieItemStore.m */,
			);
			name = Models;
			sourceTree = "<group>";
		};
		6430161D225B19A700A8C9EA /* Views */ = {
			isa = PBXGroup;
			children = (
				BE64C8DA225B75B900AAE6B5 /* DefaultStateTableView.xib */,
			);
			name = Views;
			sourceTree = "<group>";
		};
		6430161E225B19AE00A8C9EA /* Controllers */ = {
			isa = PBXGroup;
			children = (
				6430161F225B1F7C00A8C9EA /* MSHomeViewController.h */,
				64301620225B1F7C00A8C9EA /* MSHomeViewController.m */,
			);
			name = Controllers;
			sourceTree = "<group>";
		};
/* End PBXGroup section */

/* Begin PBXNativeTarget section */
		64301601225B197000A8C9EA /* Movearch */ = {
			isa = PBXNativeTarget;
			buildConfigurationList = 64301618225B197100A8C9EA /* Build configuration list for PBXNativeTarget "Movearch" */;
			buildPhases = (
				643015FE225B197000A8C9EA /* Sources */,
				643015FF225B197000A8C9EA /* Frameworks */,
				64301600225B197000A8C9EA /* Resources */,
			);
			buildRules = (
			);
			dependencies = (
			);
			name = Movearch;
			productName = Movearch;
			productReference = 64301602225B197000A8C9EA /* Movearch.app */;
			productType = "com.apple.product-type.application";
		};
/* End PBXNativeTarget section */

/* Begin PBXProject section */
		643015FA225B197000A8C9EA /* Project object */ = {
			isa = PBXProject;
			attributes = {
				LastUpgradeCheck = 1020;
				ORGANIZATIONNAME = "Takealot Grad Team";
				TargetAttributes = {
					64301601225B197000A8C9EA = {
						CreatedOnToolsVersion = 10.2;
					};
				};
			};
			buildConfigurationList = 643015FD225B197000A8C9EA /* Build configuration list for PBXProject "Movearch" */;
			compatibilityVersion = "Xcode 9.3";
			developmentRegion = en;
			hasScannedForEncodings = 0;
			knownRegions = (
				en,
				Base,
			);
			mainGroup = 643015F9225B197000A8C9EA;
			productRefGroup = 64301603225B197000A8C9EA /* Products */;
			projectDirPath = "";
			projectRoot = "";
			targets = (
				64301601225B197000A8C9EA /* Movearch */,
			);
		};
/* End PBXProject section */

/* Begin PBXResourcesBuildPhase section */
		64301600225B197000A8C9EA /* Resources */ = {
			isa = PBXResourcesBuildPhase;
			buildActionMask = 2147483647;
			files = (
				64301612225B197100A8C9EA /* LaunchScreen.storyboard in Resources */,
				6430160F225B197100A8C9EA /* Assets.xcassets in Resources */,
				6430160D225B197000A8C9EA /* Main.storyboard in Resources */,
				BE64C8DB225B75B900AAE6B5 /* DefaultStateTableView.xib in Resources */,
			);
			runOnlyForDeploymentPostprocessing = 0;
		};
/* End PBXResourcesBuildPhase section */

/* Begin PBXSourcesBuildPhase section */
		643015FE225B197000A8C9EA /* Sources */ = {
			isa = PBXSourcesBuildPhase;
			buildActionMask = 2147483647;
			files = (
				6430160A225B197000A8C9EA /* ViewController.m in Sources */,
				64301622225B1F7C00A8C9EA /* MSHomeViewController.m in Sources */,
				64301615225B197100A8C9EA /* main.m in Sources */,
				6430162F225B514700A8C9EA /* MSMovieItemStore.m in Sources */,
				6430162C225B4E0000A8C9EA /* MSMovieItem.m in Sources */,
				64301607225B197000A8C9EA /* AppDelegate.m in Sources */,
			);
			runOnlyForDeploymentPostprocessing = 0;
		};
/* End PBXSourcesBuildPhase section */

/* Begin PBXVariantGroup section */
		6430160B225B197000A8C9EA /* Main.storyboard */ = {
			isa = PBXVariantGroup;
			children = (
				6430160C225B197000A8C9EA /* Base */,
			);
			name = Main.storyboard;
			sourceTree = "<group>";
		};
		64301610225B197100A8C9EA /* LaunchScreen.storyboard */ = {
			isa = PBXVariantGroup;
			children = (
				64301611225B197100A8C9EA /* Base */,
			);
			name = LaunchScreen.storyboard;
			sourceTree = "<group>";
		};
/* End PBXVariantGroup section */

/* Begin XCBuildConfiguration section */
		64301616225B197100A8C9EA /* Debug */ = {
			isa = XCBuildConfiguration;
			buildSettings = {
				ALWAYS_SEARCH_USER_PATHS = NO;
				CLANG_ANALYZER_NONNULL = YES;
				CLANG_ANALYZER_NUMBER_OBJECT_CONVERSION = YES_AGGRESSIVE;
				CLANG_CXX_LANGUAGE_STANDARD = "gnu++14";
				CLANG_CXX_LIBRARY = "libc++";
				CLANG_ENABLE_MODULES = YES;
				CLANG_ENABLE_OBJC_ARC = YES;
				CLANG_ENABLE_OBJC_WEAK = YES;
				CLANG_WARN_BLOCK_CAPTURE_AUTORELEASING = YES;
				CLANG_WARN_BOOL_CONVERSION = YES;
				CLANG_WARN_COMMA = YES;
				CLANG_WARN_CONSTANT_CONVERSION = YES;
				CLANG_WARN_DEPRECATED_OBJC_IMPLEMENTATIONS = YES;
				CLANG_WARN_DIRECT_OBJC_ISA_USAGE = YES_ERROR;
				CLANG_WARN_DOCUMENTATION_COMMENTS = YES;
				CLANG_WARN_EMPTY_BODY = YES;
				CLANG_WARN_ENUM_CONVERSION = YES;
				CLANG_WARN_INFINITE_RECURSION = YES;
				CLANG_WARN_INT_CONVERSION = YES;
				CLANG_WARN_NON_LITERAL_NULL_CONVERSION = YES;
				CLANG_WARN_OBJC_IMPLICIT_RETAIN_SELF = YES;
				CLANG_WARN_OBJC_LITERAL_CONVERSION = YES;
				CLANG_WARN_OBJC_ROOT_CLASS = YES_ERROR;
				CLANG_WARN_RANGE_LOOP_ANALYSIS = YES;
				CLANG_WARN_STRICT_PROTOTYPES = YES;
				CLANG_WARN_SUSPICIOUS_MOVE = YES;
				CLANG_WARN_UNGUARDED_AVAILABILITY = YES_AGGRESSIVE;
				CLANG_WARN_UNREACHABLE_CODE = YES;
				CLANG_WARN__DUPLICATE_METHOD_MATCH = YES;
				CODE_SIGN_IDENTITY = "iPhone Developer";
				COPY_PHASE_STRIP = NO;
				DEBUG_INFORMATION_FORMAT = dwarf;
				ENABLE_STRICT_OBJC_MSGSEND = YES;
				ENABLE_TESTABILITY = YES;
				GCC_C_LANGUAGE_STANDARD = gnu11;
				GCC_DYNAMIC_NO_PIC = NO;
				GCC_NO_COMMON_BLOCKS = YES;
				GCC_OPTIMIZATION_LEVEL = 0;
				GCC_PREPROCESSOR_DEFINITIONS = (
					"DEBUG=1",
					"$(inherited)",
				);
				GCC_WARN_64_TO_32_BIT_CONVERSION = YES;
				GCC_WARN_ABOUT_RETURN_TYPE = YES_ERROR;
				GCC_WARN_UNDECLARED_SELECTOR = YES;
				GCC_WARN_UNINITIALIZED_AUTOS = YES_AGGRESSIVE;
				GCC_WARN_UNUSED_FUNCTION = YES;
				GCC_WARN_UNUSED_VARIABLE = YES;
				IPHONEOS_DEPLOYMENT_TARGET = 12.2;
				MTL_ENABLE_DEBUG_INFO = INCLUDE_SOURCE;
				MTL_FAST_MATH = YES;
				ONLY_ACTIVE_ARCH = YES;
				SDKROOT = iphoneos;
			};
			name = Debug;
		};
		64301617225B197100A8C9EA /* Release */ = {
			isa = XCBuildConfiguration;
			buildSettings = {
				ALWAYS_SEARCH_USER_PATHS = NO;
				CLANG_ANALYZER_NONNULL = YES;
				CLANG_ANALYZER_NUMBER_OBJECT_CONVERSION = YES_AGGRESSIVE;
				CLANG_CXX_LANGUAGE_STANDARD = "gnu++14";
				CLANG_CXX_LIBRARY = "libc++";
				CLANG_ENABLE_MODULES = YES;
				CLANG_ENABLE_OBJC_ARC = YES;
				CLANG_ENABLE_OBJC_WEAK = YES;
				CLANG_WARN_BLOCK_CAPTURE_AUTORELEASING = YES;
				CLANG_WARN_BOOL_CONVERSION = YES;
				CLANG_WARN_COMMA = YES;
				CLANG_WARN_CONSTANT_CONVERSION = YES;
				CLANG_WARN_DEPRECATED_OBJC_IMPLEMENTATIONS = YES;
				CLANG_WARN_DIRECT_OBJC_ISA_USAGE = YES_ERROR;
				CLANG_WARN_DOCUMENTATION_COMMENTS = YES;
				CLANG_WARN_EMPTY_BODY = YES;
				CLANG_WARN_ENUM_CONVERSION = YES;
				CLANG_WARN_INFINITE_RECURSION = YES;
				CLANG_WARN_INT_CONVERSION = YES;
				CLANG_WARN_NON_LITERAL_NULL_CONVERSION = YES;
				CLANG_WARN_OBJC_IMPLICIT_RETAIN_SELF = YES;
				CLANG_WARN_OBJC_LITERAL_CONVERSION = YES;
				CLANG_WARN_OBJC_ROOT_CLASS = YES_ERROR;
				CLANG_WARN_RANGE_LOOP_ANALYSIS = YES;
				CLANG_WARN_STRICT_PROTOTYPES = YES;
				CLANG_WARN_SUSPICIOUS_MOVE = YES;
				CLANG_WARN_UNGUARDED_AVAILABILITY = YES_AGGRESSIVE;
				CLANG_WARN_UNREACHABLE_CODE = YES;
				CLANG_WARN__DUPLICATE_METHOD_MATCH = YES;
				CODE_SIGN_IDENTITY = "iPhone Developer";
				COPY_PHASE_STRIP = NO;
				DEBUG_INFORMATION_FORMAT = "dwarf-with-dsym";
				ENABLE_NS_ASSERTIONS = NO;
				ENABLE_STRICT_OBJC_MSGSEND = YES;
				GCC_C_LANGUAGE_STANDARD = gnu11;
				GCC_NO_COMMON_BLOCKS = YES;
				GCC_WARN_64_TO_32_BIT_CONVERSION = YES;
				GCC_WARN_ABOUT_RETURN_TYPE = YES_ERROR;
				GCC_WARN_UNDECLARED_SELECTOR = YES;
				GCC_WARN_UNINITIALIZED_AUTOS = YES_AGGRESSIVE;
				GCC_WARN_UNUSED_FUNCTION = YES;
				GCC_WARN_UNUSED_VARIABLE = YES;
				IPHONEOS_DEPLOYMENT_TARGET = 12.2;
				MTL_ENABLE_DEBUG_INFO = NO;
				MTL_FAST_MATH = YES;
				SDKROOT = iphoneos;
				VALIDATE_PRODUCT = YES;
			};
			name = Release;
		};
		64301619225B197100A8C9EA /* Debug */ = {
			isa = XCBuildConfiguration;
			buildSettings = {
				ASSETCATALOG_COMPILER_APPICON_NAME = AppIcon;
				CODE_SIGN_STYLE = Automatic;
				DEVELOPMENT_TEAM = "";
				INFOPLIST_FILE = Movearch/Info.plist;
				LD_RUNPATH_SEARCH_PATHS = (
					"$(inherited)",
					"@executable_path/Frameworks",
				);
				PRODUCT_BUNDLE_IDENTIFIER = com.takealot.grad.team.Movearch;
				PRODUCT_NAME = "$(TARGET_NAME)";
				TARGETED_DEVICE_FAMILY = "1,2";
			};
			name = Debug;
		};
		6430161A225B197100A8C9EA /* Release */ = {
			isa = XCBuildConfiguration;
			buildSettings = {
				ASSETCATALOG_COMPILER_APPICON_NAME = AppIcon;
				CODE_SIGN_STYLE = Automatic;
				DEVELOPMENT_TEAM = "";
				INFOPLIST_FILE = Movearch/Info.plist;
				LD_RUNPATH_SEARCH_PATHS = (
					"$(inherited)",
					"@executable_path/Frameworks",
				);
				PRODUCT_BUNDLE_IDENTIFIER = com.takealot.grad.team.Movearch;
				PRODUCT_NAME = "$(TARGET_NAME)";
				TARGETED_DEVICE_FAMILY = "1,2";
			};
			name = Release;
		};
/* End XCBuildConfiguration section */

/* Begin XCConfigurationList section */
		643015FD225B197000A8C9EA /* Build configuration list for PBXProject "Movearch" */ = {
			isa = XCConfigurationList;
			buildConfigurations = (
				64301616225B197100A8C9EA /* Debug */,
				64301617225B197100A8C9EA /* Release */,
			);
			defaultConfigurationIsVisible = 0;
			defaultConfigurationName = Release;
		};
		64301618225B197100A8C9EA /* Build configuration list for PBXNativeTarget "Movearch" */ = {
			isa = XCConfigurationList;
			buildConfigurations = (
				64301619225B197100A8C9EA /* Debug */,
				6430161A225B197100A8C9EA /* Release */,
			);
			defaultConfigurationIsVisible = 0;
			defaultConfigurationName = Release;
		};
/* End XCConfigurationList section */
	};
	rootObject = 643015FA225B197000A8C9EA /* Project object */;
}
